// !$*UTF8*$!
{
	archiveVersion = 1;
	classes = {
	};
	objectVersion = 56;
	objects = {

/* Begin PBXBuildFile section */
		18011C912A7AD66D00DB4FCB /* AppDelegate.swift in Sources */ = {isa = PBXBuildFile; fileRef = 18011C902A7AD66D00DB4FCB /* AppDelegate.swift */; };
		18011C932A7AD66D00DB4FCB /* SceneDelegate.swift in Sources */ = {isa = PBXBuildFile; fileRef = 18011C922A7AD66D00DB4FCB /* SceneDelegate.swift */; };
		18011C9A2A7AD66F00DB4FCB /* Assets.xcassets in Resources */ = {isa = PBXBuildFile; fileRef = 18011C992A7AD66F00DB4FCB /* Assets.xcassets */; };
		18011C9D2A7AD66F00DB4FCB /* LaunchScreen.storyboard in Resources */ = {isa = PBXBuildFile; fileRef = 18011C9B2A7AD66F00DB4FCB /* LaunchScreen.storyboard */; };
		18011CA92A7ADE9E00DB4FCB /* UIFont+.swift in Sources */ = {isa = PBXBuildFile; fileRef = 18011CA82A7ADE9E00DB4FCB /* UIFont+.swift */; };
		18011CAB2A7ADEA400DB4FCB /* UIColor+.swift in Sources */ = {isa = PBXBuildFile; fileRef = 18011CAA2A7ADEA400DB4FCB /* UIColor+.swift */; };
		18011CAD2A7ADEA900DB4FCB /* UIView+.swift in Sources */ = {isa = PBXBuildFile; fileRef = 18011CAC2A7ADEA900DB4FCB /* UIView+.swift */; };
		18011CAF2A7ADEB100DB4FCB /* UIViewController+.swift in Sources */ = {isa = PBXBuildFile; fileRef = 18011CAE2A7ADEB100DB4FCB /* UIViewController+.swift */; };
		18011CB32A7ADEC000DB4FCB /* Date+.swift in Sources */ = {isa = PBXBuildFile; fileRef = 18011CB22A7ADEC000DB4FCB /* Date+.swift */; };
		18011CBD2A7ADF3500DB4FCB /* MoviesListController.swift in Sources */ = {isa = PBXBuildFile; fileRef = 18011CBC2A7ADF3500DB4FCB /* MoviesListController.swift */; };
		18011CC02A7AE02D00DB4FCB /* UICollectionView+.swift in Sources */ = {isa = PBXBuildFile; fileRef = 18011CBF2A7AE02D00DB4FCB /* UICollectionView+.swift */; };
		18011CC22A7AE03600DB4FCB /* UITableView+.swift in Sources */ = {isa = PBXBuildFile; fileRef = 18011CC12A7AE03600DB4FCB /* UITableView+.swift */; };
		18011CC42A7AE1A900DB4FCB /* BaseTableCell.swift in Sources */ = {isa = PBXBuildFile; fileRef = 18011CC32A7AE1A900DB4FCB /* BaseTableCell.swift */; };
		18011CC62A7AE1B000DB4FCB /* BaseCollectionCell.swift in Sources */ = {isa = PBXBuildFile; fileRef = 18011CC52A7AE1B000DB4FCB /* BaseCollectionCell.swift */; };
		18011CC82A7AE1DB00DB4FCB /* BaseViewController.swift in Sources */ = {isa = PBXBuildFile; fileRef = 18011CC72A7AE1DB00DB4FCB /* BaseViewController.swift */; };
		18011CCA2A7AE20100DB4FCB /* Reachability.swift in Sources */ = {isa = PBXBuildFile; fileRef = 18011CC92A7AE20100DB4FCB /* Reachability.swift */; };
		18011CCC2A7AE2B000DB4FCB /* NotificationName+.swift in Sources */ = {isa = PBXBuildFile; fileRef = 18011CCB2A7AE2B000DB4FCB /* NotificationName+.swift */; };
		18011CCE2A7AE3A700DB4FCB /* EndPoints.swift in Sources */ = {isa = PBXBuildFile; fileRef = 18011CCD2A7AE3A700DB4FCB /* EndPoints.swift */; };
		18011CD02A7AE3E800DB4FCB /* BaseURL.swift in Sources */ = {isa = PBXBuildFile; fileRef = 18011CCF2A7AE3E800DB4FCB /* BaseURL.swift */; };
		18011CD22A7AE43500DB4FCB /* NetworkService.swift in Sources */ = {isa = PBXBuildFile; fileRef = 18011CD12A7AE43500DB4FCB /* NetworkService.swift */; };
		18011CD42A7AE74700DB4FCB /* TMDBKeys.swift in Sources */ = {isa = PBXBuildFile; fileRef = 18011CD32A7AE74700DB4FCB /* TMDBKeys.swift */; };
		18011CD62A7AE7FB00DB4FCB /* MovieListModel.swift in Sources */ = {isa = PBXBuildFile; fileRef = 18011CD52A7AE7FB00DB4FCB /* MovieListModel.swift */; };
		18011CD82A7AF07600DB4FCB /* MovieListView.swift in Sources */ = {isa = PBXBuildFile; fileRef = 18011CD72A7AF07600DB4FCB /* MovieListView.swift */; };
		18011CDA2A7AF08900DB4FCB /* BaseView.swift in Sources */ = {isa = PBXBuildFile; fileRef = 18011CD92A7AF08900DB4FCB /* BaseView.swift */; };
		18011D622A7B7D6F00DB4FCB /* MovieCell.swift in Sources */ = {isa = PBXBuildFile; fileRef = 18011D612A7B7D6F00DB4FCB /* MovieCell.swift */; };
		18011D642A7B7E4300DB4FCB /* AppPlaceHolderView.swift in Sources */ = {isa = PBXBuildFile; fileRef = 18011D632A7B7E4300DB4FCB /* AppPlaceHolderView.swift */; };
		18011D662A7B8BBE00DB4FCB /* ImageCache.swift in Sources */ = {isa = PBXBuildFile; fileRef = 18011D652A7B8BBE00DB4FCB /* ImageCache.swift */; };
		18011D682A7B8C0500DB4FCB /* UIImage+.swift in Sources */ = {isa = PBXBuildFile; fileRef = 18011D672A7B8C0500DB4FCB /* UIImage+.swift */; };
		18011D6A2A7B8E7F00DB4FCB /* BaseNavigationController.swift in Sources */ = {isa = PBXBuildFile; fileRef = 18011D692A7B8E7F00DB4FCB /* BaseNavigationController.swift */; };
		18011D732A7B8EE900DB4FCB /* FixelText-Black.ttf in Resources */ = {isa = PBXBuildFile; fileRef = 18011D6B2A7B8EE800DB4FCB /* FixelText-Black.ttf */; };
		18011D742A7B8EE900DB4FCB /* FixelText-Regular.ttf in Resources */ = {isa = PBXBuildFile; fileRef = 18011D6C2A7B8EE900DB4FCB /* FixelText-Regular.ttf */; };
		18011D762A7B8EE900DB4FCB /* FixelText-Bold.ttf in Resources */ = {isa = PBXBuildFile; fileRef = 18011D6E2A7B8EE900DB4FCB /* FixelText-Bold.ttf */; };
		18011D782A7B8EE900DB4FCB /* FixelText-SemiBold.ttf in Resources */ = {isa = PBXBuildFile; fileRef = 18011D702A7B8EE900DB4FCB /* FixelText-SemiBold.ttf */; };
		18011D792A7B8EE900DB4FCB /* FixelText-Medium.ttf in Resources */ = {isa = PBXBuildFile; fileRef = 18011D712A7B8EE900DB4FCB /* FixelText-Medium.ttf */; };
		18011D7A2A7B8EE900DB4FCB /* FixelText-Light.ttf in Resources */ = {isa = PBXBuildFile; fileRef = 18011D722A7B8EE900DB4FCB /* FixelText-Light.ttf */; };
		18011D7C2A7B975500DB4FCB /* MovieDetailController.swift in Sources */ = {isa = PBXBuildFile; fileRef = 18011D7B2A7B975500DB4FCB /* MovieDetailController.swift */; };
		18011D7F2A7B992700DB4FCB /* MovieDetailView.swift in Sources */ = {isa = PBXBuildFile; fileRef = 18011D7E2A7B992700DB4FCB /* MovieDetailView.swift */; };
		18011D812A7BAECA00DB4FCB /* MovieDetailCell.swift in Sources */ = {isa = PBXBuildFile; fileRef = 18011D802A7BAECA00DB4FCB /* MovieDetailCell.swift */; };
		18011D852A7C320100DB4FCB /* String+.swift in Sources */ = {isa = PBXBuildFile; fileRef = 18011D842A7C320100DB4FCB /* String+.swift */; };
		18011D872A7C377400DB4FCB /* RatingStarView.swift in Sources */ = {isa = PBXBuildFile; fileRef = 18011D862A7C377400DB4FCB /* RatingStarView.swift */; };
		18011D892A7C3C3200DB4FCB /* MovieStatusCell.swift in Sources */ = {isa = PBXBuildFile; fileRef = 18011D882A7C3C3200DB4FCB /* MovieStatusCell.swift */; };
/* End PBXBuildFile section */

/* Begin PBXFileReference section */
		18011C8D2A7AD66D00DB4FCB /* MovieHub.app */ = {isa = PBXFileReference; explicitFileType = wrapper.application; includeInIndex = 0; path = MovieHub.app; sourceTree = BUILT_PRODUCTS_DIR; };
		18011C902A7AD66D00DB4FCB /* AppDelegate.swift */ = {isa = PBXFileReference; lastKnownFileType = sourcecode.swift; path = AppDelegate.swift; sourceTree = "<group>"; };
		18011C922A7AD66D00DB4FCB /* SceneDelegate.swift */ = {isa = PBXFileReference; lastKnownFileType = sourcecode.swift; path = SceneDelegate.swift; sourceTree = "<group>"; };
		18011C992A7AD66F00DB4FCB /* Assets.xcassets */ = {isa = PBXFileReference; lastKnownFileType = folder.assetcatalog; path = Assets.xcassets; sourceTree = "<group>"; };
		18011C9C2A7AD66F00DB4FCB /* Base */ = {isa = PBXFileReference; lastKnownFileType = file.storyboard; name = Base; path = Base.lproj/LaunchScreen.storyboard; sourceTree = "<group>"; };
		18011C9E2A7AD66F00DB4FCB /* Info.plist */ = {isa = PBXFileReference; lastKnownFileType = text.plist.xml; path = Info.plist; sourceTree = "<group>"; };
		18011CA82A7ADE9E00DB4FCB /* UIFont+.swift */ = {isa = PBXFileReference; lastKnownFileType = sourcecode.swift; path = "UIFont+.swift"; sourceTree = "<group>"; };
		18011CAA2A7ADEA400DB4FCB /* UIColor+.swift */ = {isa = PBXFileReference; lastKnownFileType = sourcecode.swift; path = "UIColor+.swift"; sourceTree = "<group>"; };
		18011CAC2A7ADEA900DB4FCB /* UIView+.swift */ = {isa = PBXFileReference; lastKnownFileType = sourcecode.swift; path = "UIView+.swift"; sourceTree = "<group>"; };
		18011CAE2A7ADEB100DB4FCB /* UIViewController+.swift */ = {isa = PBXFileReference; lastKnownFileType = sourcecode.swift; path = "UIViewController+.swift"; sourceTree = "<group>"; };
		18011CB22A7ADEC000DB4FCB /* Date+.swift */ = {isa = PBXFileReference; lastKnownFileType = sourcecode.swift; path = "Date+.swift"; sourceTree = "<group>"; };
		18011CBC2A7ADF3500DB4FCB /* MoviesListController.swift */ = {isa = PBXFileReference; lastKnownFileType = sourcecode.swift; path = MoviesListController.swift; sourceTree = "<group>"; };
		18011CBF2A7AE02D00DB4FCB /* UICollectionView+.swift */ = {isa = PBXFileReference; lastKnownFileType = sourcecode.swift; path = "UICollectionView+.swift"; sourceTree = "<group>"; };
		18011CC12A7AE03600DB4FCB /* UITableView+.swift */ = {isa = PBXFileReference; lastKnownFileType = sourcecode.swift; path = "UITableView+.swift"; sourceTree = "<group>"; };
		18011CC32A7AE1A900DB4FCB /* BaseTableCell.swift */ = {isa = PBXFileReference; lastKnownFileType = sourcecode.swift; path = BaseTableCell.swift; sourceTree = "<group>"; };
		18011CC52A7AE1B000DB4FCB /* BaseCollectionCell.swift */ = {isa = PBXFileReference; lastKnownFileType = sourcecode.swift; path = BaseCollectionCell.swift; sourceTree = "<group>"; };
		18011CC72A7AE1DB00DB4FCB /* BaseViewController.swift */ = {isa = PBXFileReference; lastKnownFileType = sourcecode.swift; path = BaseViewController.swift; sourceTree = "<group>"; };
		18011CC92A7AE20100DB4FCB /* Reachability.swift */ = {isa = PBXFileReference; lastKnownFileType = sourcecode.swift; path = Reachability.swift; sourceTree = "<group>"; };
		18011CCB2A7AE2B000DB4FCB /* NotificationName+.swift */ = {isa = PBXFileReference; lastKnownFileType = sourcecode.swift; path = "NotificationName+.swift"; sourceTree = "<group>"; };
		18011CCD2A7AE3A700DB4FCB /* EndPoints.swift */ = {isa = PBXFileReference; lastKnownFileType = sourcecode.swift; path = EndPoints.swift; sourceTree = "<group>"; };
		18011CCF2A7AE3E800DB4FCB /* BaseURL.swift */ = {isa = PBXFileReference; lastKnownFileType = sourcecode.swift; path = BaseURL.swift; sourceTree = "<group>"; };
		18011CD12A7AE43500DB4FCB /* NetworkService.swift */ = {isa = PBXFileReference; lastKnownFileType = sourcecode.swift; path = NetworkService.swift; sourceTree = "<group>"; };
		18011CD32A7AE74700DB4FCB /* TMDBKeys.swift */ = {isa = PBXFileReference; lastKnownFileType = sourcecode.swift; path = TMDBKeys.swift; sourceTree = "<group>"; };
		18011CD52A7AE7FB00DB4FCB /* MovieListModel.swift */ = {isa = PBXFileReference; lastKnownFileType = sourcecode.swift; path = MovieListModel.swift; sourceTree = "<group>"; };
		18011CD72A7AF07600DB4FCB /* MovieListView.swift */ = {isa = PBXFileReference; lastKnownFileType = sourcecode.swift; path = MovieListView.swift; sourceTree = "<group>"; };
		18011CD92A7AF08900DB4FCB /* BaseView.swift */ = {isa = PBXFileReference; lastKnownFileType = sourcecode.swift; path = BaseView.swift; sourceTree = "<group>"; };
		18011D612A7B7D6F00DB4FCB /* MovieCell.swift */ = {isa = PBXFileReference; lastKnownFileType = sourcecode.swift; path = MovieCell.swift; sourceTree = "<group>"; };
		18011D632A7B7E4300DB4FCB /* AppPlaceHolderView.swift */ = {isa = PBXFileReference; lastKnownFileType = sourcecode.swift; path = AppPlaceHolderView.swift; sourceTree = "<group>"; };
		18011D652A7B8BBE00DB4FCB /* ImageCache.swift */ = {isa = PBXFileReference; lastKnownFileType = sourcecode.swift; path = ImageCache.swift; sourceTree = "<group>"; };
		18011D672A7B8C0500DB4FCB /* UIImage+.swift */ = {isa = PBXFileReference; lastKnownFileType = sourcecode.swift; path = "UIImage+.swift"; sourceTree = "<group>"; };
		18011D692A7B8E7F00DB4FCB /* BaseNavigationController.swift */ = {isa = PBXFileReference; lastKnownFileType = sourcecode.swift; path = BaseNavigationController.swift; sourceTree = "<group>"; };
		18011D6B2A7B8EE800DB4FCB /* FixelText-Black.ttf */ = {isa = PBXFileReference; lastKnownFileType = file; path = "FixelText-Black.ttf"; sourceTree = "<group>"; };
		18011D6C2A7B8EE900DB4FCB /* FixelText-Regular.ttf */ = {isa = PBXFileReference; lastKnownFileType = file; path = "FixelText-Regular.ttf"; sourceTree = "<group>"; };
		18011D6E2A7B8EE900DB4FCB /* FixelText-Bold.ttf */ = {isa = PBXFileReference; lastKnownFileType = file; path = "FixelText-Bold.ttf"; sourceTree = "<group>"; };
		18011D702A7B8EE900DB4FCB /* FixelText-SemiBold.ttf */ = {isa = PBXFileReference; lastKnownFileType = file; path = "FixelText-SemiBold.ttf"; sourceTree = "<group>"; };
		18011D712A7B8EE900DB4FCB /* FixelText-Medium.ttf */ = {isa = PBXFileReference; lastKnownFileType = file; path = "FixelText-Medium.ttf"; sourceTree = "<group>"; };
		18011D722A7B8EE900DB4FCB /* FixelText-Light.ttf */ = {isa = PBXFileReference; lastKnownFileType = file; path = "FixelText-Light.ttf"; sourceTree = "<group>"; };
		18011D7B2A7B975500DB4FCB /* MovieDetailController.swift */ = {isa = PBXFileReference; lastKnownFileType = sourcecode.swift; path = MovieDetailController.swift; sourceTree = "<group>"; };
		18011D7E2A7B992700DB4FCB /* MovieDetailView.swift */ = {isa = PBXFileReference; lastKnownFileType = sourcecode.swift; path = MovieDetailView.swift; sourceTree = "<group>"; };
		18011D802A7BAECA00DB4FCB /* MovieDetailCell.swift */ = {isa = PBXFileReference; lastKnownFileType = sourcecode.swift; path = MovieDetailCell.swift; sourceTree = "<group>"; };
		18011D842A7C320100DB4FCB /* String+.swift */ = {isa = PBXFileReference; lastKnownFileType = sourcecode.swift; path = "String+.swift"; sourceTree = "<group>"; };
		18011D862A7C377400DB4FCB /* RatingStarView.swift */ = {isa = PBXFileReference; lastKnownFileType = sourcecode.swift; path = RatingStarView.swift; sourceTree = "<group>"; };
		18011D882A7C3C3200DB4FCB /* MovieStatusCell.swift */ = {isa = PBXFileReference; lastKnownFileType = sourcecode.swift; path = MovieStatusCell.swift; sourceTree = "<group>"; };
/* End PBXFileReference section */

/* Begin PBXFrameworksBuildPhase section */
		18011C8A2A7AD66D00DB4FCB /* Frameworks */ = {
			isa = PBXFrameworksBuildPhase;
			buildActionMask = 2147483647;
			files = (
			);
			runOnlyForDeploymentPostprocessing = 0;
		};
/* End PBXFrameworksBuildPhase section */

/* Begin PBXGroup section */
		18011C842A7AD66D00DB4FCB = {
			isa = PBXGroup;
			children = (
				18011C8F2A7AD66D00DB4FCB /* MovieHub */,
				18011C8E2A7AD66D00DB4FCB /* Products */,
			);
			sourceTree = "<group>";
		};
		18011C8E2A7AD66D00DB4FCB /* Products */ = {
			isa = PBXGroup;
			children = (
				18011C8D2A7AD66D00DB4FCB /* MovieHub.app */,
			);
			name = Products;
			sourceTree = "<group>";
		};
		18011C8F2A7AD66D00DB4FCB /* MovieHub */ = {
			isa = PBXGroup;
			children = (
				18011CA72A7ADE8700DB4FCB /* Modules */,
				18011CA62A7ADE8000DB4FCB /* Utils */,
				18011CA52A7ADE7800DB4FCB /* Extensions */,
				18011CA42A7ADBC500DB4FCB /* SupportingFiles */,
			);
			path = MovieHub;
			sourceTree = "<group>";
		};
		18011CA42A7ADBC500DB4FCB /* SupportingFiles */ = {
			isa = PBXGroup;
			children = (
				18011C902A7AD66D00DB4FCB /* AppDelegate.swift */,
				18011C922A7AD66D00DB4FCB /* SceneDelegate.swift */,
				18011C9B2A7AD66F00DB4FCB /* LaunchScreen.storyboard */,
				18011C992A7AD66F00DB4FCB /* Assets.xcassets */,
				18011C9E2A7AD66F00DB4FCB /* Info.plist */,
			);
			path = SupportingFiles;
			sourceTree = "<group>";
		};
		18011CA52A7ADE7800DB4FCB /* Extensions */ = {
			isa = PBXGroup;
			children = (
				18011CA82A7ADE9E00DB4FCB /* UIFont+.swift */,
				18011CAA2A7ADEA400DB4FCB /* UIColor+.swift */,
				18011CAC2A7ADEA900DB4FCB /* UIView+.swift */,
				18011D672A7B8C0500DB4FCB /* UIImage+.swift */,
				18011CAE2A7ADEB100DB4FCB /* UIViewController+.swift */,
				18011CB22A7ADEC000DB4FCB /* Date+.swift */,
				18011D842A7C320100DB4FCB /* String+.swift */,
				18011CBF2A7AE02D00DB4FCB /* UICollectionView+.swift */,
				18011CC12A7AE03600DB4FCB /* UITableView+.swift */,
				18011CCB2A7AE2B000DB4FCB /* NotificationName+.swift */,
			);
			path = Extensions;
			sourceTree = "<group>";
		};
		18011CA62A7ADE8000DB4FCB /* Utils */ = {
			isa = PBXGroup;
			children = (
				18011CBE2A7ADF9400DB4FCB /* Networking */,
				18011CB62A7ADEDE00DB4FCB /* BaseViews */,
				18011CB52A7ADED700DB4FCB /* Helpers */,
				18011CB42A7ADECE00DB4FCB /* Resources */,
			);
			path = Utils;
			sourceTree = "<group>";
		};
		18011CA72A7ADE8700DB4FCB /* Modules */ = {
			isa = PBXGroup;
			children = (
				18011CB82A7ADF0A00DB4FCB /* DashBoard */,
			);
			path = Modules;
			sourceTree = "<group>";
		};
		18011CB42A7ADECE00DB4FCB /* Resources */ = {
			isa = PBXGroup;
			children = (
				18011CB72A7ADEEB00DB4FCB /* Fonts */,
			);
			path = Resources;
			sourceTree = "<group>";
		};
		18011CB52A7ADED700DB4FCB /* Helpers */ = {
			isa = PBXGroup;
			children = (
				18011CC92A7AE20100DB4FCB /* Reachability.swift */,
				18011D632A7B7E4300DB4FCB /* AppPlaceHolderView.swift */,
				18011D652A7B8BBE00DB4FCB /* ImageCache.swift */,
				18011D862A7C377400DB4FCB /* RatingStarView.swift */,
			);
			path = Helpers;
			sourceTree = "<group>";
		};
		18011CB62A7ADEDE00DB4FCB /* BaseViews */ = {
			isa = PBXGroup;
			children = (
				18011CC32A7AE1A900DB4FCB /* BaseTableCell.swift */,
				18011CC52A7AE1B000DB4FCB /* BaseCollectionCell.swift */,
				18011CC72A7AE1DB00DB4FCB /* BaseViewController.swift */,
				18011CD92A7AF08900DB4FCB /* BaseView.swift */,
				18011D692A7B8E7F00DB4FCB /* BaseNavigationController.swift */,
			);
			path = BaseViews;
			sourceTree = "<group>";
		};
		18011CB72A7ADEEB00DB4FCB /* Fonts */ = {
			isa = PBXGroup;
			children = (
				18011D6B2A7B8EE800DB4FCB /* FixelText-Black.ttf */,
				18011D6E2A7B8EE900DB4FCB /* FixelText-Bold.ttf */,
				18011D722A7B8EE900DB4FCB /* FixelText-Light.ttf */,
				18011D712A7B8EE900DB4FCB /* FixelText-Medium.ttf */,
				18011D6C2A7B8EE900DB4FCB /* FixelText-Regular.ttf */,
				18011D702A7B8EE900DB4FCB /* FixelText-SemiBold.ttf */,
			);
			path = Fonts;
			sourceTree = "<group>";
		};
		18011CB82A7ADF0A00DB4FCB /* DashBoard */ = {
			isa = PBXGroup;
			children = (
				18011CB92A7ADF1400DB4FCB /* Model */,
				18011CBA2A7ADF1D00DB4FCB /* View */,
				18011CBB2A7ADF2200DB4FCB /* Controller */,
			);
			path = DashBoard;
			sourceTree = "<group>";
		};
		18011CB92A7ADF1400DB4FCB /* Model */ = {
			isa = PBXGroup;
			children = (
				18011CD52A7AE7FB00DB4FCB /* MovieListModel.swift */,
			);
			path = Model;
			sourceTree = "<group>";
		};
		18011CBA2A7ADF1D00DB4FCB /* View */ = {
			isa = PBXGroup;
			children = (
				18011D7D2A7B991500DB4FCB /* ContentView */,
				18011D602A7B7D5E00DB4FCB /* Cell */,
			);
			path = View;
			sourceTree = "<group>";
		};
		18011CBB2A7ADF2200DB4FCB /* Controller */ = {
			isa = PBXGroup;
			children = (
				18011CBC2A7ADF3500DB4FCB /* MoviesListController.swift */,
				18011D7B2A7B975500DB4FCB /* MovieDetailController.swift */,
			);
			path = Controller;
			sourceTree = "<group>";
		};
		18011CBE2A7ADF9400DB4FCB /* Networking */ = {
			isa = PBXGroup;
			children = (
				18011CCD2A7AE3A700DB4FCB /* EndPoints.swift */,
				18011CCF2A7AE3E800DB4FCB /* BaseURL.swift */,
				18011CD32A7AE74700DB4FCB /* TMDBKeys.swift */,
				18011CD12A7AE43500DB4FCB /* NetworkService.swift */,
			);
			path = Networking;
			sourceTree = "<group>";
		};
		18011D602A7B7D5E00DB4FCB /* Cell */ = {
			isa = PBXGroup;
			children = (
				18011D612A7B7D6F00DB4FCB /* MovieCell.swift */,
				18011D802A7BAECA00DB4FCB /* MovieDetailCell.swift */,
				18011D882A7C3C3200DB4FCB /* MovieStatusCell.swift */,
			);
			path = Cell;
			sourceTree = "<group>";
		};
		18011D7D2A7B991500DB4FCB /* ContentView */ = {
			isa = PBXGroup;
			children = (
				18011CD72A7AF07600DB4FCB /* MovieListView.swift */,
				18011D7E2A7B992700DB4FCB /* MovieDetailView.swift */,
			);
			path = ContentView;
			sourceTree = "<group>";
		};
/* End PBXGroup section */

/* Begin PBXNativeTarget section */
		18011C8C2A7AD66D00DB4FCB /* MovieHub */ = {
			isa = PBXNativeTarget;
			buildConfigurationList = 18011CA12A7AD66F00DB4FCB /* Build configuration list for PBXNativeTarget "MovieHub" */;
			buildPhases = (
				18011C892A7AD66D00DB4FCB /* Sources */,
				18011C8A2A7AD66D00DB4FCB /* Frameworks */,
				18011C8B2A7AD66D00DB4FCB /* Resources */,
			);
			buildRules = (
			);
			dependencies = (
			);
			name = MovieHub;
			productName = MovieHub;
			productReference = 18011C8D2A7AD66D00DB4FCB /* MovieHub.app */;
			productType = "com.apple.product-type.application";
		};
/* End PBXNativeTarget section */

/* Begin PBXProject section */
		18011C852A7AD66D00DB4FCB /* Project object */ = {
			isa = PBXProject;
			attributes = {
				BuildIndependentTargetsInParallel = 1;
				LastSwiftUpdateCheck = 1420;
				LastUpgradeCheck = 1420;
				TargetAttributes = {
					18011C8C2A7AD66D00DB4FCB = {
						CreatedOnToolsVersion = 14.2;
					};
				};
			};
			buildConfigurationList = 18011C882A7AD66D00DB4FCB /* Build configuration list for PBXProject "MovieHub" */;
			compatibilityVersion = "Xcode 14.0";
			developmentRegion = en;
			hasScannedForEncodings = 0;
			knownRegions = (
				en,
				Base,
			);
			mainGroup = 18011C842A7AD66D00DB4FCB;
			productRefGroup = 18011C8E2A7AD66D00DB4FCB /* Products */;
			projectDirPath = "";
			projectRoot = "";
			targets = (
				18011C8C2A7AD66D00DB4FCB /* MovieHub */,
			);
		};
/* End PBXProject section */

/* Begin PBXResourcesBuildPhase section */
		18011C8B2A7AD66D00DB4FCB /* Resources */ = {
			isa = PBXResourcesBuildPhase;
			buildActionMask = 2147483647;
			files = (
				18011D762A7B8EE900DB4FCB /* FixelText-Bold.ttf in Resources */,
				18011C9D2A7AD66F00DB4FCB /* LaunchScreen.storyboard in Resources */,
				18011D782A7B8EE900DB4FCB /* FixelText-SemiBold.ttf in Resources */,
				18011D792A7B8EE900DB4FCB /* FixelText-Medium.ttf in Resources */,
				18011D742A7B8EE900DB4FCB /* FixelText-Regular.ttf in Resources */,
				18011C9A2A7AD66F00DB4FCB /* Assets.xcassets in Resources */,
				18011D7A2A7B8EE900DB4FCB /* FixelText-Light.ttf in Resources */,
				18011D732A7B8EE900DB4FCB /* FixelText-Black.ttf in Resources */,
			);
			runOnlyForDeploymentPostprocessing = 0;
		};
/* End PBXResourcesBuildPhase section */

/* Begin PBXSourcesBuildPhase section */
		18011C892A7AD66D00DB4FCB /* Sources */ = {
			isa = PBXSourcesBuildPhase;
			buildActionMask = 2147483647;
			files = (
				18011D7F2A7B992700DB4FCB /* MovieDetailView.swift in Sources */,
				18011C912A7AD66D00DB4FCB /* AppDelegate.swift in Sources */,
				18011D7C2A7B975500DB4FCB /* MovieDetailController.swift in Sources */,
				18011CD82A7AF07600DB4FCB /* MovieListView.swift in Sources */,
				18011D622A7B7D6F00DB4FCB /* MovieCell.swift in Sources */,
				18011CC42A7AE1A900DB4FCB /* BaseTableCell.swift in Sources */,
				18011CAB2A7ADEA400DB4FCB /* UIColor+.swift in Sources */,
				18011CAF2A7ADEB100DB4FCB /* UIViewController+.swift in Sources */,
				18011D682A7B8C0500DB4FCB /* UIImage+.swift in Sources */,
				18011D872A7C377400DB4FCB /* RatingStarView.swift in Sources */,
				18011CD42A7AE74700DB4FCB /* TMDBKeys.swift in Sources */,
				18011D6A2A7B8E7F00DB4FCB /* BaseNavigationController.swift in Sources */,
				18011CA92A7ADE9E00DB4FCB /* UIFont+.swift in Sources */,
				18011CCC2A7AE2B000DB4FCB /* NotificationName+.swift in Sources */,
				18011CC82A7AE1DB00DB4FCB /* BaseViewController.swift in Sources */,
				18011CC22A7AE03600DB4FCB /* UITableView+.swift in Sources */,
				18011CC02A7AE02D00DB4FCB /* UICollectionView+.swift in Sources */,
				18011CCA2A7AE20100DB4FCB /* Reachability.swift in Sources */,
				18011D892A7C3C3200DB4FCB /* MovieStatusCell.swift in Sources */,
				18011CCE2A7AE3A700DB4FCB /* EndPoints.swift in Sources */,
				18011D662A7B8BBE00DB4FCB /* ImageCache.swift in Sources */,
				18011CBD2A7ADF3500DB4FCB /* MoviesListController.swift in Sources */,
				18011C932A7AD66D00DB4FCB /* SceneDelegate.swift in Sources */,
				18011D642A7B7E4300DB4FCB /* AppPlaceHolderView.swift in Sources */,
				18011D812A7BAECA00DB4FCB /* MovieDetailCell.swift in Sources */,
				18011CC62A7AE1B000DB4FCB /* BaseCollectionCell.swift in Sources */,
				18011D852A7C320100DB4FCB /* String+.swift in Sources */,
				18011CD22A7AE43500DB4FCB /* NetworkService.swift in Sources */,
				18011CAD2A7ADEA900DB4FCB /* UIView+.swift in Sources */,
				18011CDA2A7AF08900DB4FCB /* BaseView.swift in Sources */,
				18011CD62A7AE7FB00DB4FCB /* MovieListModel.swift in Sources */,
				18011CD02A7AE3E800DB4FCB /* BaseURL.swift in Sources */,
				18011CB32A7ADEC000DB4FCB /* Date+.swift in Sources */,
			);
			runOnlyForDeploymentPostprocessing = 0;
		};
/* End PBXSourcesBuildPhase section */

/* Begin PBXVariantGroup section */
		18011C9B2A7AD66F00DB4FCB /* LaunchScreen.storyboard */ = {
			isa = PBXVariantGroup;
			children = (
				18011C9C2A7AD66F00DB4FCB /* Base */,
			);
			name = LaunchScreen.storyboard;
			sourceTree = "<group>";
		};
/* End PBXVariantGroup section */

/* Begin XCBuildConfiguration section */
		18011C9F2A7AD66F00DB4FCB /* Debug */ = {
			isa = XCBuildConfiguration;
			buildSettings = {
				ALWAYS_SEARCH_USER_PATHS = NO;
				CLANG_ANALYZER_NONNULL = YES;
				CLANG_ANALYZER_NUMBER_OBJECT_CONVERSION = YES_AGGRESSIVE;
				CLANG_CXX_LANGUAGE_STANDARD = "gnu++20";
				CLANG_ENABLE_MODULES = YES;
				CLANG_ENABLE_OBJC_ARC = YES;
				CLANG_ENABLE_OBJC_WEAK = YES;
				CLANG_WARN_BLOCK_CAPTURE_AUTORELEASING = YES;
				CLANG_WARN_BOOL_CONVERSION = YES;
				CLANG_WARN_COMMA = YES;
				CLANG_WARN_CONSTANT_CONVERSION = YES;
				CLANG_WARN_DEPRECATED_OBJC_IMPLEMENTATIONS = YES;
				CLANG_WARN_DIRECT_OBJC_ISA_USAGE = YES_ERROR;
				CLANG_WARN_DOCUMENTATION_COMMENTS = YES;
				CLANG_WARN_EMPTY_BODY = YES;
				CLANG_WARN_ENUM_CONVERSION = YES;
				CLANG_WARN_INFINITE_RECURSION = YES;
				CLANG_WARN_INT_CONVERSION = YES;
				CLANG_WARN_NON_LITERAL_NULL_CONVERSION = YES;
				CLANG_WARN_OBJC_IMPLICIT_RETAIN_SELF = YES;
				CLANG_WARN_OBJC_LITERAL_CONVERSION = YES;
				CLANG_WARN_OBJC_ROOT_CLASS = YES_ERROR;
				CLANG_WARN_QUOTED_INCLUDE_IN_FRAMEWORK_HEADER = YES;
				CLANG_WARN_RANGE_LOOP_ANALYSIS = YES;
				CLANG_WARN_STRICT_PROTOTYPES = YES;
				CLANG_WARN_SUSPICIOUS_MOVE = YES;
				CLANG_WARN_UNGUARDED_AVAILABILITY = YES_AGGRESSIVE;
				CLANG_WARN_UNREACHABLE_CODE = YES;
				CLANG_WARN__DUPLICATE_METHOD_MATCH = YES;
				COPY_PHASE_STRIP = NO;
				DEBUG_INFORMATION_FORMAT = dwarf;
				ENABLE_STRICT_OBJC_MSGSEND = YES;
				ENABLE_TESTABILITY = YES;
				GCC_C_LANGUAGE_STANDARD = gnu11;
				GCC_DYNAMIC_NO_PIC = NO;
				GCC_NO_COMMON_BLOCKS = YES;
				GCC_OPTIMIZATION_LEVEL = 0;
				GCC_PREPROCESSOR_DEFINITIONS = (
					"DEBUG=1",
					"$(inherited)",
				);
				GCC_WARN_64_TO_32_BIT_CONVERSION = YES;
				GCC_WARN_ABOUT_RETURN_TYPE = YES_ERROR;
				GCC_WARN_UNDECLARED_SELECTOR = YES;
				GCC_WARN_UNINITIALIZED_AUTOS = YES_AGGRESSIVE;
				GCC_WARN_UNUSED_FUNCTION = YES;
				GCC_WARN_UNUSED_VARIABLE = YES;
				IPHONEOS_DEPLOYMENT_TARGET = 16.2;
				MTL_ENABLE_DEBUG_INFO = INCLUDE_SOURCE;
				MTL_FAST_MATH = YES;
				ONLY_ACTIVE_ARCH = YES;
				SDKROOT = iphoneos;
				SWIFT_ACTIVE_COMPILATION_CONDITIONS = DEBUG;
				SWIFT_OPTIMIZATION_LEVEL = "-Onone";
			};
			name = Debug;
		};
		18011CA02A7AD66F00DB4FCB /* Release */ = {
			isa = XCBuildConfiguration;
			buildSettings = {
				ALWAYS_SEARCH_USER_PATHS = NO;
				CLANG_ANALYZER_NONNULL = YES;
				CLANG_ANALYZER_NUMBER_OBJECT_CONVERSION = YES_AGGRESSIVE;
				CLANG_CXX_LANGUAGE_STANDARD = "gnu++20";
				CLANG_ENABLE_MODULES = YES;
				CLANG_ENABLE_OBJC_ARC = YES;
				CLANG_ENABLE_OBJC_WEAK = YES;
				CLANG_WARN_BLOCK_CAPTURE_AUTORELEASING = YES;
				CLANG_WARN_BOOL_CONVERSION = YES;
				CLANG_WARN_COMMA = YES;
				CLANG_WARN_CONSTANT_CONVERSION = YES;
				CLANG_WARN_DEPRECATED_OBJC_IMPLEMENTATIONS = YES;
				CLANG_WARN_DIRECT_OBJC_ISA_USAGE = YES_ERROR;
				CLANG_WARN_DOCUMENTATION_COMMENTS = YES;
				CLANG_WARN_EMPTY_BODY = YES;
				CLANG_WARN_ENUM_CONVERSION = YES;
				CLANG_WARN_INFINITE_RECURSION = YES;
				CLANG_WARN_INT_CONVERSION = YES;
				CLANG_WARN_NON_LITERAL_NULL_CONVERSION = YES;
				CLANG_WARN_OBJC_IMPLICIT_RETAIN_SELF = YES;
				CLANG_WARN_OBJC_LITERAL_CONVERSION = YES;
				CLANG_WARN_OBJC_ROOT_CLASS = YES_ERROR;
				CLANG_WARN_QUOTED_INCLUDE_IN_FRAMEWORK_HEADER = YES;
				CLANG_WARN_RANGE_LOOP_ANALYSIS = YES;
				CLANG_WARN_STRICT_PROTOTYPES = YES;
				CLANG_WARN_SUSPICIOUS_MOVE = YES;
				CLANG_WARN_UNGUARDED_AVAILABILITY = YES_AGGRESSIVE;
				CLANG_WARN_UNREACHABLE_CODE = YES;
				CLANG_WARN__DUPLICATE_METHOD_MATCH = YES;
				COPY_PHASE_STRIP = NO;
				DEBUG_INFORMATION_FORMAT = "dwarf-with-dsym";
				ENABLE_NS_ASSERTIONS = NO;
				ENABLE_STRICT_OBJC_MSGSEND = YES;
				GCC_C_LANGUAGE_STANDARD = gnu11;
				GCC_NO_COMMON_BLOCKS = YES;
				GCC_WARN_64_TO_32_BIT_CONVERSION = YES;
				GCC_WARN_ABOUT_RETURN_TYPE = YES_ERROR;
				GCC_WARN_UNDECLARED_SELECTOR = YES;
				GCC_WARN_UNINITIALIZED_AUTOS = YES_AGGRESSIVE;
				GCC_WARN_UNUSED_FUNCTION = YES;
				GCC_WARN_UNUSED_VARIABLE = YES;
				IPHONEOS_DEPLOYMENT_TARGET = 16.2;
				MTL_ENABLE_DEBUG_INFO = NO;
				MTL_FAST_MATH = YES;
				SDKROOT = iphoneos;
				SWIFT_COMPILATION_MODE = wholemodule;
				SWIFT_OPTIMIZATION_LEVEL = "-O";
				VALIDATE_PRODUCT = YES;
			};
			name = Release;
		};
		18011CA22A7AD66F00DB4FCB /* Debug */ = {
			isa = XCBuildConfiguration;
			buildSettings = {
				ASSETCATALOG_COMPILER_APPICON_NAME = AppIcon;
				ASSETCATALOG_COMPILER_GLOBAL_ACCENT_COLOR_NAME = AccentColor;
				CODE_SIGN_STYLE = Automatic;
				CURRENT_PROJECT_VERSION = 1;
				DEVELOPMENT_TEAM = RWZ3QV4VAV;
				GENERATE_INFOPLIST_FILE = YES;
				INFOPLIST_FILE = MovieHub/SupportingFiles/Info.plist;
				INFOPLIST_KEY_UIApplicationSupportsIndirectInputEvents = YES;
				INFOPLIST_KEY_UILaunchStoryboardName = LaunchScreen;
				INFOPLIST_KEY_UIMainStoryboardFile = "";
				INFOPLIST_KEY_UISupportedInterfaceOrientations_iPad = "UIInterfaceOrientationPortrait UIInterfaceOrientationPortraitUpsideDown UIInterfaceOrientationLandscapeLeft UIInterfaceOrientationLandscapeRight";
				INFOPLIST_KEY_UISupportedInterfaceOrientations_iPhone = "UIInterfaceOrientationPortrait UIInterfaceOrientationLandscapeLeft UIInterfaceOrientationLandscapeRight";
				LD_RUNPATH_SEARCH_PATHS = (
					"$(inherited)",
					"@executable_path/Frameworks",
				);
				MARKETING_VERSION = 1.0;
				PRODUCT_BUNDLE_IDENTIFIER = "com.MY-APP.mmsss.test.MovieHub";
				PRODUCT_NAME = "$(TARGET_NAME)";
				SWIFT_EMIT_LOC_STRINGS = YES;
				SWIFT_VERSION = 5.0;
				TARGETED_DEVICE_FAMILY = "1,2";
			};
			name = Debug;
		};
		18011CA32A7AD66F00DB4FCB /* Release */ = {
			isa = XCBuildConfiguration;
			buildSettings = {
				ASSETCATALOG_COMPILER_APPICON_NAME = AppIcon;
				ASSETCATALOG_COMPILER_GLOBAL_ACCENT_COLOR_NAME = AccentColor;
				CODE_SIGN_STYLE = Automatic;
				CURRENT_PROJECT_VERSION = 1;
				DEVELOPMENT_TEAM = RWZ3QV4VAV;
				GENERATE_INFOPLIST_FILE = YES;
				INFOPLIST_FILE = MovieHub/SupportingFiles/Info.plist;
				INFOPLIST_KEY_UIApplicationSupportsIndirectInputEvents = YES;
				INFOPLIST_KEY_UILaunchStoryboardName = LaunchScreen;
				INFOPLIST_KEY_UIMainStoryboardFile = "";
				INFOPLIST_KEY_UISupportedInterfaceOrientations_iPad = "UIInterfaceOrientationPortrait UIInterfaceOrientationPortraitUpsideDown UIInterfaceOrientationLandscapeLeft UIInterfaceOrientationLandscapeRight";
				INFOPLIST_KEY_UISupportedInterfaceOrientations_iPhone = "UIInterfaceOrientationPortrait UIInterfaceOrientationLandscapeLeft UIInterfaceOrientationLandscapeRight";
				LD_RUNPATH_SEARCH_PATHS = (
					"$(inherited)",
					"@executable_path/Frameworks",
				);
				MARKETING_VERSION = 1.0;
				PRODUCT_BUNDLE_IDENTIFIER = "com.MY-APP.mmsss.test.MovieHub";
				PRODUCT_NAME = "$(TARGET_NAME)";
				SWIFT_EMIT_LOC_STRINGS = YES;
				SWIFT_VERSION = 5.0;
				TARGETED_DEVICE_FAMILY = "1,2";
			};
			name = Release;
		};
/* End XCBuildConfiguration section */

/* Begin XCConfigurationList section */
		18011C882A7AD66D00DB4FCB /* Build configuration list for PBXProject "MovieHub" */ = {
			isa = XCConfigurationList;
			buildConfigurations = (
				18011C9F2A7AD66F00DB4FCB /* Debug */,
				18011CA02A7AD66F00DB4FCB /* Release */,
			);
			defaultConfigurationIsVisible = 0;
			defaultConfigurationName = Release;
		};
		18011CA12A7AD66F00DB4FCB /* Build configuration list for PBXNativeTarget "MovieHub" */ = {
			isa = XCConfigurationList;
			buildConfigurations = (
				18011CA22A7AD66F00DB4FCB /* Debug */,
				18011CA32A7AD66F00DB4FCB /* Release */,
			);
			defaultConfigurationIsVisible = 0;
			defaultConfigurationName = Release;
		};
/* End XCConfigurationList section */
	};
	rootObject = 18011C852A7AD66D00DB4FCB /* Project object */;
}
